// !$*UTF8*$!
{
	archiveVersion = 1;
	classes = {
	};
	objectVersion = 46;
	objects = {

/* Begin PBXBuildFile section */
		66B5F0DC1AA8DC2F005698EF /* ffi_armv7.c in Sources */ = {isa = PBXBuildFile; fileRef = 66B5F0D91AA8DC2F005698EF /* ffi_armv7.c */; };
		66B5F0DD1AA8DC2F005698EF /* sysv_armv7.S in Sources */ = {isa = PBXBuildFile; fileRef = 66B5F0DA1AA8DC2F005698EF /* sysv_armv7.S */; };
		66B5F0DE1AA8DC2F005698EF /* trampoline_armv7.S in Sources */ = {isa = PBXBuildFile; fileRef = 66B5F0DB1AA8DC2F005698EF /* trampoline_armv7.S */; };
		66B5F0E11AA8DC38005698EF /* ffi_arm64.c in Sources */ = {isa = PBXBuildFile; fileRef = 66B5F0DF1AA8DC38005698EF /* ffi_arm64.c */; };
		66B5F0E21AA8DC38005698EF /* sysv_arm64.S in Sources */ = {isa = PBXBuildFile; fileRef = 66B5F0E01AA8DC38005698EF /* sysv_arm64.S */; };
		66B5F0E71AA8DC51005698EF /* darwin_i386.S in Sources */ = {isa = PBXBuildFile; fileRef = 66B5F0E31AA8DC51005698EF /* darwin_i386.S */; };
		66B5F0E81AA8DC51005698EF /* darwin64_x86_64.S in Sources */ = {isa = PBXBuildFile; fileRef = 66B5F0E41AA8DC51005698EF /* darwin64_x86_64.S */; };
		66B5F0E91AA8DC51005698EF /* ffi_i386.c in Sources */ = {isa = PBXBuildFile; fileRef = 66B5F0E51AA8DC51005698EF /* ffi_i386.c */; };
		66B5F0EA1AA8DC51005698EF /* ffi64_x86_64.c in Sources */ = {isa = PBXBuildFile; fileRef = 66B5F0E61AA8DC51005698EF /* ffi64_x86_64.c */; };
		66B5F10B1AA8E295005698EF /* ffi_arm64.h in CopyFiles */ = {isa = PBXBuildFile; fileRef = 66B5F0EB1AA8DC61005698EF /* ffi_arm64.h */; };
		66B5F10C1AA8E295005698EF /* ffi_armv7.h in CopyFiles */ = {isa = PBXBuildFile; fileRef = 66B5F0EC1AA8DC61005698EF /* ffi_armv7.h */; };
		66B5F10D1AA8E295005698EF /* ffi_i386.h in CopyFiles */ = {isa = PBXBuildFile; fileRef = 66B5F0ED1AA8DC61005698EF /* ffi_i386.h */; };
		66B5F10E1AA8E295005698EF /* ffi_x86_64.h in CopyFiles */ = {isa = PBXBuildFile; fileRef = 66B5F0EE1AA8DC61005698EF /* ffi_x86_64.h */; };
		66B5F10F1AA8E295005698EF /* fficonfig_arm64.h in CopyFiles */ = {isa = PBXBuildFile; fileRef = 66B5F0EF1AA8DC61005698EF /* fficonfig_arm64.h */; };
		66B5F1101AA8E295005698EF /* fficonfig_armv7.h in CopyFiles */ = {isa = PBXBuildFile; fileRef = 66B5F0F01AA8DC61005698EF /* fficonfig_armv7.h */; };
		66B5F1111AA8E295005698EF /* fficonfig_i386.h in CopyFiles */ = {isa = PBXBuildFile; fileRef = 66B5F0F11AA8DC61005698EF /* fficonfig_i386.h */; };
		66B5F1121AA8E295005698EF /* fficonfig_x86_64.h in CopyFiles */ = {isa = PBXBuildFile; fileRef = 66B5F0F21AA8DC61005698EF /* fficonfig_x86_64.h */; };
		66B5F1131AA8E295005698EF /* ffitarget_arm64.h in CopyFiles */ = {isa = PBXBuildFile; fileRef = 66B5F0F31AA8DC61005698EF /* ffitarget_arm64.h */; };
		66B5F1141AA8E295005698EF /* ffitarget_armv7.h in CopyFiles */ = {isa = PBXBuildFile; fileRef = 66B5F0F41AA8DC61005698EF /* ffitarget_armv7.h */; };
		66B5F1151AA8E295005698EF /* ffitarget_i386.h in CopyFiles */ = {isa = PBXBuildFile; fileRef = 66B5F0F51AA8DC61005698EF /* ffitarget_i386.h */; };
		66B5F1161AA8E295005698EF /* ffitarget_x86_64.h in CopyFiles */ = {isa = PBXBuildFile; fileRef = 66B5F0F61AA8DC61005698EF /* ffitarget_x86_64.h */; };
		66B5F1171AA8E297005698EF /* ffi.h in CopyFiles */ = {isa = PBXBuildFile; fileRef = 66B5F0F81AA8DC7C005698EF /* ffi.h */; };
		66B5F1181AA8E299005698EF /* ffitarget.h in CopyFiles */ = {isa = PBXBuildFile; fileRef = 66B5F0FA1AA8DC7C005698EF /* ffitarget.h */; };
		DBFA714E187F1D8600A76262 /* closures.c in Sources */ = {isa = PBXBuildFile; fileRef = DBFA7143187F1D8600A76262 /* closures.c */; };
		DBFA7156187F1D8600A76262 /* prep_cif.c in Sources */ = {isa = PBXBuildFile; fileRef = DBFA7147187F1D8600A76262 /* prep_cif.c */; };
		DBFA7158187F1D8600A76262 /* raw_api.c in Sources */ = {isa = PBXBuildFile; fileRef = DBFA7148187F1D8600A76262 /* raw_api.c */; };
		DBFA715A187F1D8600A76262 /* types.c in Sources */ = {isa = PBXBuildFile; fileRef = DBFA7149187F1D8600A76262 /* types.c */; };
/* End PBXBuildFile section */

/* Begin PBXCopyFilesBuildPhase section */
		DB13B1641849DF1E0010F42D /* CopyFiles */ = {
			isa = PBXCopyFilesBuildPhase;
			buildActionMask = 12;
			dstPath = "include/$(PRODUCT_NAME)";
			dstSubfolderSpec = 16;
			files = (
				66B5F10B1AA8E295005698EF /* ffi_arm64.h in CopyFiles */,
				66B5F10C1AA8E295005698EF /* ffi_armv7.h in CopyFiles */,
				66B5F10D1AA8E295005698EF /* ffi_i386.h in CopyFiles */,
				66B5F10E1AA8E295005698EF /* ffi_x86_64.h in CopyFiles */,
				66B5F10F1AA8E295005698EF /* fficonfig_arm64.h in CopyFiles */,
				66B5F1101AA8E295005698EF /* fficonfig_armv7.h in CopyFiles */,
				66B5F1171AA8E297005698EF /* ffi.h in CopyFiles */,
				66B5F1181AA8E299005698EF /* ffitarget.h in CopyFiles */,
				66B5F1111AA8E295005698EF /* fficonfig_i386.h in CopyFiles */,
				66B5F1121AA8E295005698EF /* fficonfig_x86_64.h in CopyFiles */,
				66B5F1131AA8E295005698EF /* ffitarget_arm64.h in CopyFiles */,
				66B5F1141AA8E295005698EF /* ffitarget_armv7.h in CopyFiles */,
				66B5F1151AA8E295005698EF /* ffitarget_i386.h in CopyFiles */,
				66B5F1161AA8E295005698EF /* ffitarget_x86_64.h in CopyFiles */,
			);
			runOnlyForDeploymentPostprocessing = 0;
		};
/* End PBXCopyFilesBuildPhase section */

/* Begin PBXFileReference section */
		66B5F0D91AA8DC2F005698EF /* ffi_armv7.c */ = {isa = PBXFileReference; fileEncoding = 4; lastKnownFileType = sourcecode.c.c; path = ffi_armv7.c; sourceTree = "<group>"; };
		66B5F0DA1AA8DC2F005698EF /* sysv_armv7.S */ = {isa = PBXFileReference; fileEncoding = 4; lastKnownFileType = sourcecode.asm; path = sysv_armv7.S; sourceTree = "<group>"; };
		66B5F0DB1AA8DC2F005698EF /* trampoline_armv7.S */ = {isa = PBXFileReference; fileEncoding = 4; lastKnownFileType = sourcecode.asm; path = trampoline_armv7.S; sourceTree = "<group>"; };
		66B5F0DF1AA8DC38005698EF /* ffi_arm64.c */ = {isa = PBXFileReference; fileEncoding = 4; lastKnownFileType = sourcecode.c.c; path = ffi_arm64.c; sourceTree = "<group>"; };
		66B5F0E01AA8DC38005698EF /* sysv_arm64.S */ = {isa = PBXFileReference; fileEncoding = 4; lastKnownFileType = sourcecode.asm; path = sysv_arm64.S; sourceTree = "<group>"; };
		66B5F0E31AA8DC51005698EF /* darwin_i386.S */ = {isa = PBXFileReference; fileEncoding = 4; lastKnownFileType = sourcecode.asm; path = darwin_i386.S; sourceTree = "<group>"; };
		66B5F0E41AA8DC51005698EF /* darwin64_x86_64.S */ = {isa = PBXFileReference; fileEncoding = 4; lastKnownFileType = sourcecode.asm; path = darwin64_x86_64.S; sourceTree = "<group>"; };
		66B5F0E51AA8DC51005698EF /* ffi_i386.c */ = {isa = PBXFileReference; fileEncoding = 4; lastKnownFileType = sourcecode.c.c; path = ffi_i386.c; sourceTree = "<group>"; };
		66B5F0E61AA8DC51005698EF /* ffi64_x86_64.c */ = {isa = PBXFileReference; fileEncoding = 4; lastKnownFileType = sourcecode.c.c; path = ffi64_x86_64.c; sourceTree = "<group>"; };
		66B5F0EB1AA8DC61005698EF /* ffi_arm64.h */ = {isa = PBXFileReference; lastKnownFileType = sourcecode.c.h; path = ffi_arm64.h; sourceTree = "<group>"; };
		66B5F0EC1AA8DC61005698EF /* ffi_armv7.h */ = {isa = PBXFileReference; lastKnownFileType = sourcecode.c.h; path = ffi_armv7.h; sourceTree = "<group>"; };
		66B5F0ED1AA8DC61005698EF /* ffi_i386.h */ = {isa = PBXFileReference; lastKnownFileType = sourcecode.c.h; path = ffi_i386.h; sourceTree = "<group>"; };
		66B5F0EE1AA8DC61005698EF /* ffi_x86_64.h */ = {isa = PBXFileReference; lastKnownFileType = sourcecode.c.h; path = ffi_x86_64.h; sourceTree = "<group>"; };
		66B5F0EF1AA8DC61005698EF /* fficonfig_arm64.h */ = {isa = PBXFileReference; lastKnownFileType = sourcecode.c.h; path = fficonfig_arm64.h; sourceTree = "<group>"; };
		66B5F0F01AA8DC61005698EF /* fficonfig_armv7.h */ = {isa = PBXFileReference; lastKnownFileType = sourcecode.c.h; path = fficonfig_armv7.h; sourceTree = "<group>"; };
		66B5F0F11AA8DC61005698EF /* fficonfig_i386.h */ = {isa = PBXFileReference; lastKnownFileType = sourcecode.c.h; path = fficonfig_i386.h; sourceTree = "<group>"; };
		66B5F0F21AA8DC61005698EF /* fficonfig_x86_64.h */ = {isa = PBXFileReference; lastKnownFileType = sourcecode.c.h; path = fficonfig_x86_64.h; sourceTree = "<group>"; };
		66B5F0F31AA8DC61005698EF /* ffitarget_arm64.h */ = {isa = PBXFileReference; lastKnownFileType = sourcecode.c.h; path = ffitarget_arm64.h; sourceTree = "<group>"; };
		66B5F0F41AA8DC61005698EF /* ffitarget_armv7.h */ = {isa = PBXFileReference; lastKnownFileType = sourcecode.c.h; path = ffitarget_armv7.h; sourceTree = "<group>"; };
		66B5F0F51AA8DC61005698EF /* ffitarget_i386.h */ = {isa = PBXFileReference; lastKnownFileType = sourcecode.c.h; path = ffitarget_i386.h; sourceTree = "<group>"; };
		66B5F0F61AA8DC61005698EF /* ffitarget_x86_64.h */ = {isa = PBXFileReference; lastKnownFileType = sourcecode.c.h; path = ffitarget_x86_64.h; sourceTree = "<group>"; };
		66B5F0F71AA8DC7C005698EF /* ffi_common.h */ = {isa = PBXFileReference; lastKnownFileType = sourcecode.c.h; path = ffi_common.h; sourceTree = "<group>"; };
		66B5F0F81AA8DC7C005698EF /* ffi.h */ = {isa = PBXFileReference; lastKnownFileType = sourcecode.c.h; path = ffi.h; sourceTree = "<group>"; };
		66B5F0F91AA8DC7C005698EF /* fficonfig.h */ = {isa = PBXFileReference; lastKnownFileType = sourcecode.c.h; path = fficonfig.h; sourceTree = "<group>"; };
		66B5F0FA1AA8DC7C005698EF /* ffitarget.h */ = {isa = PBXFileReference; lastKnownFileType = sourcecode.c.h; path = ffitarget.h; sourceTree = "<group>"; };
		DB13B1661849DF1E0010F42D /* libffi.a */ = {isa = PBXFileReference; explicitFileType = archive.ar; includeInIndex = 0; path = libffi.a; sourceTree = BUILT_PRODUCTS_DIR; };
		DBFA7143187F1D8600A76262 /* closures.c */ = {isa = PBXFileReference; fileEncoding = 4; lastKnownFileType = sourcecode.c.c; path = closures.c; sourceTree = "<group>"; };
		DBFA7145187F1D8600A76262 /* dlmalloc.c */ = {isa = PBXFileReference; fileEncoding = 4; lastKnownFileType = sourcecode.c.c; path = dlmalloc.c; sourceTree = "<group>"; };
		DBFA7147187F1D8600A76262 /* prep_cif.c */ = {isa = PBXFileReference; fileEncoding = 4; lastKnownFileType = sourcecode.c.c; path = prep_cif.c; sourceTree = "<group>"; };
		DBFA7148187F1D8600A76262 /* raw_api.c */ = {isa = PBXFileReference; fileEncoding = 4; lastKnownFileType = sourcecode.c.c; path = raw_api.c; sourceTree = "<group>"; };
		DBFA7149187F1D8600A76262 /* types.c */ = {isa = PBXFileReference; fileEncoding = 4; lastKnownFileType = sourcecode.c.c; path = types.c; sourceTree = "<group>"; };
/* End PBXFileReference section */

/* Begin PBXGroup section */
		DB13B15B1849DEB70010F42D = {
			isa = PBXGroup;
			children = (
				DBFA713C187F1D8600A76262 /* darwin_common */,
				DBFA715C187F1D9B00A76262 /* darwin_ios */,
				DB13B1671849DF1E0010F42D /* Products */,
			);
			sourceTree = "<group>";
		};
		DB13B1671849DF1E0010F42D /* Products */ = {
			isa = PBXGroup;
			children = (
				DB13B1661849DF1E0010F42D /* libffi.a */,
			);
			name = Products;
			sourceTree = "<group>";
		};
		DBFA713C187F1D8600A76262 /* darwin_common */ = {
			isa = PBXGroup;
			children = (
				DBFA713D187F1D8600A76262 /* include */,
				DBFA7142187F1D8600A76262 /* src */,
			);
			path = darwin_common;
			sourceTree = "<group>";
		};
		DBFA713D187F1D8600A76262 /* include */ = {
			isa = PBXGroup;
			children = (
				66B5F0F71AA8DC7C005698EF /* ffi_common.h */,
				66B5F0F81AA8DC7C005698EF /* ffi.h */,
				66B5F0F91AA8DC7C005698EF /* fficonfig.h */,
				66B5F0FA1AA8DC7C005698EF /* ffitarget.h */,
			);
			path = include;
			sourceTree = "<group>";
		};
		DBFA7142187F1D8600A76262 /* src */ = {
			isa = PBXGroup;
			children = (
				DBFA7143187F1D8600A76262 /* closures.c */,
				DBFA7145187F1D8600A76262 /* dlmalloc.c */,
				DBFA7147187F1D8600A76262 /* prep_cif.c */,
				DBFA7148187F1D8600A76262 /* raw_api.c */,
				DBFA7149187F1D8600A76262 /* types.c */,
			);
			path = src;
			sourceTree = "<group>";
		};
		DBFA715C187F1D9B00A76262 /* darwin_ios */ = {
			isa = PBXGroup;
			children = (
				DBFA715D187F1D9B00A76262 /* include */,
				DBFA716A187F1D9B00A76262 /* src */,
			);
			path = darwin_ios;
			sourceTree = "<group>";
		};
		DBFA715D187F1D9B00A76262 /* include */ = {
			isa = PBXGroup;
			children = (
				66B5F0EB1AA8DC61005698EF /* ffi_arm64.h */,
				66B5F0EC1AA8DC61005698EF /* ffi_armv7.h */,
				66B5F0ED1AA8DC61005698EF /* ffi_i386.h */,
				66B5F0EE1AA8DC61005698EF /* ffi_x86_64.h */,
				66B5F0EF1AA8DC61005698EF /* fficonfig_arm64.h */,
				66B5F0F01AA8DC61005698EF /* fficonfig_armv7.h */,
				66B5F0F11AA8DC61005698EF /* fficonfig_i386.h */,
				66B5F0F21AA8DC61005698EF /* fficonfig_x86_64.h */,
				66B5F0F31AA8DC61005698EF /* ffitarget_arm64.h */,
				66B5F0F41AA8DC61005698EF /* ffitarget_armv7.h */,
				66B5F0F51AA8DC61005698EF /* ffitarget_i386.h */,
				66B5F0F61AA8DC61005698EF /* ffitarget_x86_64.h */,
			);
			path = include;
			sourceTree = "<group>";
		};
		DBFA716A187F1D9B00A76262 /* src */ = {
			isa = PBXGroup;
			children = (
				DBFA716B187F1D9B00A76262 /* aarch64 */,
				DBFA716E187F1D9B00A76262 /* arm */,
				DBFA7172187F1D9B00A76262 /* x86 */,
			);
			path = src;
			sourceTree = "<group>";
		};
		DBFA716B187F1D9B00A76262 /* aarch64 */ = {
			isa = PBXGroup;
			children = (
				66B5F0DF1AA8DC38005698EF /* ffi_arm64.c */,
				66B5F0E01AA8DC38005698EF /* sysv_arm64.S */,
			);
			path = aarch64;
			sourceTree = "<group>";
		};
		DBFA716E187F1D9B00A76262 /* arm */ = {
			isa = PBXGroup;
			children = (
				66B5F0D91AA8DC2F005698EF /* ffi_armv7.c */,
				66B5F0DA1AA8DC2F005698EF /* sysv_armv7.S */,
				66B5F0DB1AA8DC2F005698EF /* trampoline_armv7.S */,
			);
			path = arm;
			sourceTree = "<group>";
		};
		DBFA7172187F1D9B00A76262 /* x86 */ = {
			isa = PBXGroup;
			children = (
				66B5F0E31AA8DC51005698EF /* darwin_i386.S */,
				66B5F0E41AA8DC51005698EF /* darwin64_x86_64.S */,
				66B5F0E51AA8DC51005698EF /* ffi_i386.c */,
				66B5F0E61AA8DC51005698EF /* ffi64_x86_64.c */,
			);
			path = x86;
			sourceTree = "<group>";
		};
/* End PBXGroup section */

/* Begin PBXNativeTarget section */
		DB13B1651849DF1E0010F42D /* libffi-iOS */ = {
			isa = PBXNativeTarget;
			buildConfigurationList = DB13B18B1849DF1E0010F42D /* Build configuration list for PBXNativeTarget "libffi-iOS" */;
			buildPhases = (
				DB13B3051849E01C0010F42D /* ShellScript */,
				DB13B1621849DF1E0010F42D /* Sources */,
				DB13B1641849DF1E0010F42D /* CopyFiles */,
			);
			buildRules = (
			);
			dependencies = (
			);
			name = "libffi-iOS";
			productName = ffi;
			productReference = DB13B1661849DF1E0010F42D /* libffi.a */;
			productType = "com.apple.product-type.library.static";
		};
/* End PBXNativeTarget section */

/* Begin PBXProject section */
		DB13B15C1849DEB70010F42D /* Project object */ = {
			isa = PBXProject;
			attributes = {
				LastUpgradeCheck = 0610;
			};
			buildConfigurationList = DB13B15F1849DEB70010F42D /* Build configuration list for PBXProject "libffi" */;
			compatibilityVersion = "Xcode 3.2";
			developmentRegion = English;
			hasScannedForEncodings = 0;
			knownRegions = (
				en,
			);
			mainGroup = DB13B15B1849DEB70010F42D;
			productRefGroup = DB13B1671849DF1E0010F42D /* Products */;
			projectDirPath = "";
			projectRoot = "";
			targets = (
				DB13B1651849DF1E0010F42D /* libffi-iOS */,
			);
		};
/* End PBXProject section */

/* Begin PBXShellScriptBuildPhase section */
		DB13B3051849E01C0010F42D /* ShellScript */ = {
			isa = PBXShellScriptBuildPhase;
			buildActionMask = 2147483647;
			files = (
			);
			inputPaths = (
			);
			outputPaths = (
			);
			runOnlyForDeploymentPostprocessing = 0;
			shellPath = /bin/sh;
			shellScript = "export PATH=/opt/local/bin:/opt/local/sbin:$PATH\n./autogen.sh\n/usr/bin/python generate-darwin-source-and-headers.py --only-ios";
		};
/* End PBXShellScriptBuildPhase section */

/* Begin PBXSourcesBuildPhase section */
		DB13B1621849DF1E0010F42D /* Sources */ = {
			isa = PBXSourcesBuildPhase;
			buildActionMask = 2147483647;
			files = (
				DBFA714E187F1D8600A76262 /* closures.c in Sources */,
				66B5F0DD1AA8DC2F005698EF /* sysv_armv7.S in Sources */,
				66B5F0E21AA8DC38005698EF /* sysv_arm64.S in Sources */,
				DBFA7156187F1D8600A76262 /* prep_cif.c in Sources */,
				66B5F0EA1AA8DC51005698EF /* ffi64_x86_64.c in Sources */,
				66B5F0E71AA8DC51005698EF /* darwin_i386.S in Sources */,
				66B5F0E91AA8DC51005698EF /* ffi_i386.c in Sources */,
				DBFA7158187F1D8600A76262 /* raw_api.c in Sources */,
				DBFA715A187F1D8600A76262 /* types.c in Sources */,
				66B5F0DC1AA8DC2F005698EF /* ffi_armv7.c in Sources */,
				66B5F0E11AA8DC38005698EF /* ffi_arm64.c in Sources */,
				66B5F0E81AA8DC51005698EF /* darwin64_x86_64.S in Sources */,
				66B5F0DE1AA8DC2F005698EF /* trampoline_armv7.S in Sources */,
			);
			runOnlyForDeploymentPostprocessing = 0;
		};
/* End PBXSourcesBuildPhase section */

/* Begin XCBuildConfiguration section */
		DB13B1601849DEB70010F42D /* Debug */ = {
			isa = XCBuildConfiguration;
			buildSettings = {
				CODE_SIGN_IDENTITY = "iPhone Developer";
				HEADER_SEARCH_PATHS = (
					"$(inherited)",
					darwin_common/include,
				);
				ONLY_ACTIVE_ARCH = YES;
				SDKROOT = iphoneos;
			};
			name = Debug;
		};
		DB13B1611849DEB70010F42D /* Release */ = {
			isa = XCBuildConfiguration;
			buildSettings = {
				CODE_SIGN_IDENTITY = "iPhone Developer";
				HEADER_SEARCH_PATHS = (
					"$(inherited)",
					darwin_common/include,
				);
				SDKROOT = iphoneos;
			};
			name = Release;
		};
		DB13B1871849DF1E0010F42D /* Debug */ = {
			isa = XCBuildConfiguration;
			buildSettings = {
				ALWAYS_SEARCH_USER_PATHS = NO;
				CLANG_CXX_LANGUAGE_STANDARD = "gnu++0x";
				CLANG_CXX_LIBRARY = "libc++";
				CLANG_ENABLE_MODULES = YES;
				CLANG_ENABLE_OBJC_ARC = YES;
				CLANG_WARN_BOOL_CONVERSION = YES;
				CLANG_WARN_CONSTANT_CONVERSION = YES;
				CLANG_WARN_DIRECT_OBJC_ISA_USAGE = YES_ERROR;
				CLANG_WARN_EMPTY_BODY = YES;
				CLANG_WARN_ENUM_CONVERSION = YES;
				CLANG_WARN_INT_CONVERSION = YES;
				CLANG_WARN_OBJC_ROOT_CLASS = YES_ERROR;
				CLANG_WARN__DUPLICATE_METHOD_MATCH = YES;
				CODE_SIGN_IDENTITY = "iPhone Developer";
				COPY_PHASE_STRIP = NO;
				DSTROOT = /tmp/ffi.dst;
				GCC_C_LANGUAGE_STANDARD = gnu99;
				GCC_DYNAMIC_NO_PIC = NO;
				GCC_OPTIMIZATION_LEVEL = 0;
				GCC_PREPROCESSOR_DEFINITIONS = (
					"DEBUG=1",
					"$(inherited)",
				);
				GCC_SYMBOLS_PRIVATE_EXTERN = NO;
				GCC_WARN_64_TO_32_BIT_CONVERSION = YES;
				GCC_WARN_ABOUT_RETURN_TYPE = YES_ERROR;
				GCC_WARN_UNDECLARED_SELECTOR = YES;
				GCC_WARN_UNINITIALIZED_AUTOS = YES_AGGRESSIVE;
				GCC_WARN_UNUSED_FUNCTION = YES;
				GCC_WARN_UNUSED_VARIABLE = YES;
				HEADER_SEARCH_PATHS = (
					"$(inherited)",
					darwin_ios/include,
				);
				IPHONEOS_DEPLOYMENT_TARGET = 8.1;
				OTHER_LDFLAGS = "-ObjC";
				PRODUCT_NAME = ffi;
				SDKROOT = iphoneos;
				SKIP_INSTALL = YES;
			};
			name = Debug;
		};
		DB13B1881849DF1E0010F42D /* Release */ = {
			isa = XCBuildConfiguration;
			buildSettings = {
				ALWAYS_SEARCH_USER_PATHS = NO;
				CLANG_CXX_LANGUAGE_STANDARD = "gnu++0x";
				CLANG_CXX_LIBRARY = "libc++";
				CLANG_ENABLE_MODULES = YES;
				CLANG_ENABLE_OBJC_ARC = YES;
				CLANG_WARN_BOOL_CONVERSION = YES;
				CLANG_WARN_CONSTANT_CONVERSION = YES;
				CLANG_WARN_DIRECT_OBJC_ISA_USAGE = YES_ERROR;
				CLANG_WARN_EMPTY_BODY = YES;
				CLANG_WARN_ENUM_CONVERSION = YES;
				CLANG_WARN_INT_CONVERSION = YES;
				CLANG_WARN_OBJC_ROOT_CLASS = YES_ERROR;
				CLANG_WARN__DUPLICATE_METHOD_MATCH = YES;
				CODE_SIGN_IDENTITY = "iPhone Developer";
				COPY_PHASE_STRIP = YES;
				DSTROOT = /tmp/ffi.dst;
				ENABLE_NS_ASSERTIONS = NO;
				GCC_C_LANGUAGE_STANDARD = gnu99;
				GCC_WARN_64_TO_32_BIT_CONVERSION = YES;
				GCC_WARN_ABOUT_RETURN_TYPE = YES_ERROR;
				GCC_WARN_UNDECLARED_SELECTOR = YES;
				GCC_WARN_UNINITIALIZED_AUTOS = YES_AGGRESSIVE;
				GCC_WARN_UNUSED_FUNCTION = YES;
				GCC_WARN_UNUSED_VARIABLE = YES;
				HEADER_SEARCH_PATHS = (
					"$(inherited)",
					darwin_ios/include,
				);
				IPHONEOS_DEPLOYMENT_TARGET = 8.1;
				OTHER_LDFLAGS = "-ObjC";
				PRODUCT_NAME = ffi;
				SDKROOT = iphoneos;
				SKIP_INSTALL = YES;
				VALIDATE_PRODUCT = YES;
			};
			name = Release;
		};
/* End XCBuildConfiguration section */

/* Begin XCConfigurationList section */
		DB13B15F1849DEB70010F42D /* Build configuration list for PBXProject "libffi" */ = {
			isa = XCConfigurationList;
			buildConfigurations = (
				DB13B1601849DEB70010F42D /* Debug */,
				DB13B1611849DEB70010F42D /* Release */,
			);
			defaultConfigurationIsVisible = 0;
			defaultConfigurationName = Release;
		};
		DB13B18B1849DF1E0010F42D /* Build configuration list for PBXNativeTarget "libffi-iOS" */ = {
			isa = XCConfigurationList;
			buildConfigurations = (
				DB13B1871849DF1E0010F42D /* Debug */,
				DB13B1881849DF1E0010F42D /* Release */,
			);
			defaultConfigurationIsVisible = 0;
			defaultConfigurationName = Release;
		};
/* End XCConfigurationList section */
	};
	rootObject = DB13B15C1849DEB70010F42D /* Project object */;
}
